
Microsoft Visual Studio Solution File, Format Version 12.00
# Visual Studio Version 16
VisualStudioVersion = 16.0.31402.337
MinimumVisualStudioVersion = 10.0.40219.1
Project("{9A19103F-16F7-4668-BE54-9A1E7A4F7556}") = "MeshKernelNETCore", "src\MeshKernelNETCore\MeshKernelNETCore.csproj", "{BC6B4877-9099-4959-AB56-BE28538FB539}"
EndProject
Project("{2150E333-8FDC-42A3-9474-1A3956D46DE8}") = "src", "src", "{D13A0EA4-B770-4003-A8E5-6ECEF1591740}"
EndProject
Project("{2150E333-8FDC-42A3-9474-1A3956D46DE8}") = "test", "test", "{6E2D9D61-87C3-43CB-954F-D4D6D02BC6D2}"
EndProject
Project("{FAE04EC0-301F-11D3-BF4B-00C04F79EFBC}") = "MeshKernelNETTests", "test\MeshKernelNETTests\MeshKernelNETTests.csproj", "{CCABD237-C42C-4A32-8C52-E6B4B0BE6EAA}"
EndProject
Global
	GlobalSection(SolutionConfigurationPlatforms) = preSolution
		Debug|Any CPU = Debug|Any CPU
		Release|Any CPU = Release|Any CPU
	EndGlobalSection
	GlobalSection(ProjectConfigurationPlatforms) = postSolution
		{BC6B4877-9099-4959-AB56-BE28538FB539}.Debug|Any CPU.ActiveCfg = Debug|Any CPU
		{BC6B4877-9099-4959-AB56-BE28538FB539}.Debug|Any CPU.Build.0 = Debug|Any CPU
		{BC6B4877-9099-4959-AB56-BE28538FB539}.Release|Any CPU.ActiveCfg = Release|Any CPU
		{BC6B4877-9099-4959-AB56-BE28538FB539}.Release|Any CPU.Build.0 = Release|Any CPU
		{CCABD237-C42C-4A32-8C52-E6B4B0BE6EAA}.Debug|Any CPU.ActiveCfg = Debug|Any CPU
		{CCABD237-C42C-4A32-8C52-E6B4B0BE6EAA}.Debug|Any CPU.Build.0 = Debug|Any CPU
		{CCABD237-C42C-4A32-8C52-E6B4B0BE6EAA}.Release|Any CPU.ActiveCfg = Release|Any CPU
		{CCABD237-C42C-4A32-8C52-E6B4B0BE6EAA}.Release|Any CPU.Build.0 = Release|Any CPU
	EndGlobalSection
	GlobalSection(SolutionProperties) = preSolution
		HideSolutionNode = FALSE
	EndGlobalSection
	GlobalSection(NestedProjects) = preSolution
		{BC6B4877-9099-4959-AB56-BE28538FB539} = {D13A0EA4-B770-4003-A8E5-6ECEF1591740}
		{CCABD237-C42C-4A32-8C52-E6B4B0BE6EAA} = {6E2D9D61-87C3-43CB-954F-D4D6D02BC6D2}
	EndGlobalSection
	GlobalSection(ExtensibilityGlobals) = postSolution
		SolutionGuid = {95422719-9EC8-468E-A6B3-42F5DDA562E8}
	EndGlobalSection
EndGlobal
